dependencies:
  QDispatch:
    component_hash: f9f6fc9a29abdbeae794692721e7929fb602441d20b4cc044dc00b4bcb105f6b
    dependencies:
    - name: idf
      version: '>=5.0.0'
    source:
      git: https://github.com/cnf/QDispatch
      path: .
      type: git
    version: 0b07ee7ce9e6d287a12fccc089a1934ad29c34b6
  atanisoft/esp_lcd_touch_xpt2046:
    component_hash: 7e6381b67b6e487379118368b8e91624dc87036ef5734818de1db9eb35697998
    dependencies:
    - name: espressif/esp_lcd_touch
      registry_url: https://components.espressif.com
      require: private
      version: '>=1.0.4'
    - name: idf
      require: private
      version: '>=4.4'
    source:
      registry_url: https://components.espressif.com/
      type: service
    version: 1.0.6
  espressif/button:
    component_hash: fccb18c37f1cfe0797b74a53a44d3f400f5fd01f4993b40052dfb7f401915089
    dependencies:
    - name: espressif/cmake_utilities
      registry_url: https://components.espressif.com
      require: private
      version: '*'
    - name: idf
      require: private
      version: '>=4.0'
    source:
      registry_url: https://components.espressif.com/
      type: service
    version: 4.1.5
  espressif/cmake_utilities:
    component_hash: 351350613ceafba240b761b4ea991e0f231ac7a9f59a9ee901f751bddc0bb18f
    dependencies:
    - name: idf
      require: private
      version: '>=4.1'
    source:
      registry_url: https://components.espressif.com
      type: service
    version: 0.5.3
  espressif/esp-lib-utils:
    component_hash: 9e81fa27e3a8292bed95d91754ebcb8f27f47117328b0b646446f29fc5a847fb
    dependencies:
    - name: idf
      require: private
      version: '>=5.1'
    source:
      registry_url: https://components.espressif.com
      type: service
    version: 0.2.3
  espressif/esp32_display_panel:
    component_hash: a58d89c4691c84b1a00aa522955f8994d461d3b3dbc4407a85bc91220b9b27fb
    dependencies:
    - name: espressif/esp-lib-utils
      registry_url: https://components.espressif.com
      require: public
      version: 0.2.*
    - name: espressif/esp32_io_expander
      registry_url: https://components.espressif.com
      require: public
      version: 1.*
    - name: idf
      require: private
      version: '>=5.1'
    source:
      registry_url: https://components.espressif.com/
      type: service
    version: 1.0.4
  espressif/esp32_io_expander:
    component_hash: c34d64ac6022fb351dc8e2a24eff5b60884c91fd8c50f96dd7d1b1728fae16d8
    dependencies:
    - name: espressif/esp-lib-utils
      registry_url: https://components.espressif.com
      require: public
      version: 0.2.*
    - name: idf
      require: private
      version: '>=5.1'
    source:
      registry_url: https://components.espressif.com
      type: service
    version: 1.1.1
  espressif/esp_io_expander:
    component_hash: 034903704f65e3994d7cce9d080b19d89525cf6d416574b932826adf680f3942
    dependencies:
    - name: idf
      require: private
      version: '>=4.4.2'
    source:
      registry_url: https://components.espressif.com
      type: service
    version: 1.2.0
  espressif/esp_lcd_axs15231b:
    component_hash: e614bd75827e95800e39df1ba9474166060ab26c3807d06df9cc312a27021cda
    dependencies:
    - name: espressif/cmake_utilities
      registry_url: https://components.espressif.com
      require: private
      version: 0.*
    - name: espressif/esp_lcd_touch
      registry_url: https://components.espressif.com
      require: public
      version: ^1
    - name: idf
      require: private
      version: '>5.0.4,!=5.1.1'
    source:
      registry_url: https://components.espressif.com/
      type: service
    version: 1.0.1~1
  espressif/esp_lcd_gc9a01:
    component_hash: e60bc2b5649c7679bd010797a875ae64b2a57cf9cdbd6a2bf7a0ade66913edc0
    dependencies:
    - name: espressif/cmake_utilities
      registry_url: https://components.espressif.com
      require: private
      version: 0.*
    - name: idf
      require: private
      version: '>=4.4'
    source:
      registry_url: https://components.espressif.com/
      type: service
    version: 2.0.4
  espressif/esp_lcd_ili9341:
    component_hash: 0baab584e0e490511d6bdbae6aa045130424d732ecdaad6cd1d3bd3c0abe2c30
    dependencies:
    - name: espressif/cmake_utilities
      registry_url: https://components.espressif.com
      require: private
      version: 0.*
    - name: idf
      require: private
      version: '>=4.4'
    source:
      registry_url: https://components.espressif.com/
      type: service
    version: 2.0.2
  espressif/esp_lcd_panel_io_additions:
    component_hash: 213d5c4a3c322a48c9f993d6bc2372206d34af95db34e87a3e02601bdcad7ce8
    dependencies:
    - name: idf
      require: private
      version: '>=4.4.2'
    - name: espressif/cmake_utilities
      registry_url: https://components.espressif.com
      require: private
      version: 0.*
    - name: espressif/esp_io_expander
      registry_url: https://components.espressif.com
      require: public
      version: ^1
    source:
      registry_url: https://components.espressif.com/
      type: service
    version: 1.0.1
  espressif/esp_lcd_st7701:
    component_hash: 3fb061112bfe5402dcf5e09ff7e7f5b09a96b9a3fdd81c59d69996626b4dbc2f
    dependencies:
    - name: espressif/cmake_utilities
      registry_url: https://components.espressif.com
      require: private
      version: 0.*
    - name: idf
      require: private
      version: '>=5.4'
    source:
      registry_url: https://components.espressif.com/
      type: service
    targets:
    - esp32s3
    - esp32p4
    version: 2.0.2
  espressif/esp_lcd_touch:
    component_hash: 3f85a7d95af876f1a6ecca8eb90a81614890d0f03a038390804e5a77e2caf862
    dependencies:
    - name: idf
      require: private
      version: '>=4.4.2'
    source:
      registry_url: https://components.espressif.com
      type: service
    version: 1.2.1
  espressif/esp_lcd_touch_ft5x06:
    component_hash: aa3f170c321859146b4084d5e168828d026cb7c67eebfaa524ce48b428182c1e
    dependencies:
    - name: espressif/esp_lcd_touch
      registry_url: https://components.espressif.com
      require: public
      version: ^1.2.0
    - name: idf
      require: private
      version: '>=4.4.2'
    source:
      registry_url: https://components.espressif.com/
      type: service
    version: 1.1.0
  espressif/esp_lcd_touch_gt911:
    component_hash: be02e243d18b9a661bc13b0d22c0a5cfa3f708cf04d6eb059772276c8c8a4d76
    dependencies:
    - name: espressif/esp_lcd_touch
      registry_url: https://components.espressif.com
      require: public
      version: ^1.2.0
    - name: idf
      require: private
      version: '>=4.4.2'
    source:
      registry_url: https://components.espressif.com/
      type: service
    version: 1.2.0~1
  espressif/esp_lvgl_port:
    component_hash: f872401524cb645ee6ff1c9242d44fb4ddcfd4d37d7be8b9ed3f4e85a404efcd
    dependencies:
    - name: idf
      require: private
      version: '>=5.1'
    - name: lvgl/lvgl
      registry_url: https://components.espressif.com
      require: public
      version: '>=8,<10'
    source:
      registry_url: https://components.espressif.com/
      type: service
    version: 2.7.0
  espressif/knob:
    component_hash: 138ed090b4c9090a0a678f695b9d1884b368130c729b7333ed35bd7f4e8da80e
    dependencies:
    - name: espressif/cmake_utilities
      registry_url: https://components.espressif.com
      require: private
      version: 0.*
    - name: idf
      require: private
      version: '>=4.4.1'
    source:
      registry_url: https://components.espressif.com/
      type: service
    version: 1.0.2
  espressif/mdns:
    component_hash: 29e47564b1a7ee778135e17fbbf2a2773f71c97ebabfe626c8eda7c958a7ad16
    dependencies:
    - name: idf
      require: private
      version: '>=5.0'
    source:
      registry_url: https://components.espressif.com/
      type: service
    version: 1.9.1
  idf:
    source:
      type: idf
    version: 5.5.2
  joltwallet/littlefs:
    component_hash: 1808d73e99168f6f3c26dd31799a248484762b3a320ec4962dec11a145f4277f
    dependencies:
    - name: idf
      require: private
      version: '>=5.0'
    source:
      registry_url: https://components.espressif.com/
      type: service
    version: 1.20.3
  lvgl/lvgl:
    component_hash: 17e68bfd21f0edf4c3ee838e2273da840bf3930e5dbc3bfa6c1190c3aed41f9f
    dependencies: []
    source:
      registry_url: https://components.espressif.com/
      type: service
    version: 9.4.0
  pubsub-c:
    component_hash: 881532d995e88575d90c91ed70ae5b6e45217dd6e602a35e5118bd56b0d941c7
    dependencies:
    - name: espressif/cmake_utilities
      version: '*'
    - name: idf
      version: '>=5.0'
    source:
      git: https://github.com/FunShoot/pubsub-c
      path: .
      type: git
    version: e3f9c0f13cad89b38ae706dfcb45510fa917fd51
  waveshare/custom_io_expander_ch32v003:
    component_hash: fefced27c762ed97a3523c9d90d66050deea7eeb7e9eae6328e4ab1a71125d26
    dependencies:
    - name: espressif/esp_io_expander
      registry_url: https://components.espressif.com
      require: public
      version: ^1.0.1
    - name: idf
      require: private
      version: '>=5.3'
    source:
      registry_url: https://components.espressif.com/
      type: service
    version: 1.0.1
direct_dependencies:
- QDispatch
- atanisoft/esp_lcd_touch_xpt2046
- espressif/button
- espressif/esp32_display_panel
- espressif/esp_lcd_axs15231b
- espressif/esp_lcd_gc9a01
- espressif/esp_lcd_ili9341
- espressif/esp_lcd_panel_io_additions
- espressif/esp_lcd_st7701
- espressif/esp_lcd_touch_ft5x06
- espressif/esp_lcd_touch_gt911
- espressif/esp_lvgl_port
- espressif/knob
- espressif/mdns
- idf
- joltwallet/littlefs
- lvgl/lvgl
- pubsub-c
- waveshare/custom_io_expander_ch32v003
manifest_hash: 554735e81cac3a2367488ac519a7e2ab2fe9085a384d795a8cfb940976bc6112
target: esp32s3
version: 2.0.0
